// !$*UTF8*$!
{
	archiveVersion = 1;
	classes = {
	};
	objectVersion = 51;
	objects = {

/* Begin PBXBuildFile section */
		487A76F5245EDADE00CB6F35 /* AppDelegate.m in Sources */ = {isa = PBXBuildFile; fileRef = 487A76F4245EDADE00CB6F35 /* AppDelegate.m */; };
		487A76FB245EDADE00CB6F35 /* ViewController.m in Sources */ = {isa = PBXBuildFile; fileRef = 487A76FA245EDADE00CB6F35 /* ViewController.m */; };
		487A76FE245EDADE00CB6F35 /* Main.storyboard in Resources */ = {isa = PBXBuildFile; fileRef = 487A76FC245EDADE00CB6F35 /* Main.storyboard */; };
		487A7700245EDAE300CB6F35 /* Assets.xcassets in Resources */ = {isa = PBXBuildFile; fileRef = 487A76FF245EDAE300CB6F35 /* Assets.xcassets */; };
		487A7703245EDAE300CB6F35 /* LaunchScreen.storyboard in Resources */ = {isa = PBXBuildFile; fileRef = 487A7701245EDAE300CB6F35 /* LaunchScreen.storyboard */; };
		487A7706245EDAE300CB6F35 /* main.m in Sources */ = {isa = PBXBuildFile; fileRef = 487A7705245EDAE300CB6F35 /* main.m */; };
		487A770F245EFE9100CB6F35 /* MykBaseViewController.m in Sources */ = {isa = PBXBuildFile; fileRef = 487A770E245EFE9100CB6F35 /* MykBaseViewController.m */; };
		487A7712245EFEC300CB6F35 /* MykCommonMacroViewController.m in Sources */ = {isa = PBXBuildFile; fileRef = 487A7711245EFEC300CB6F35 /* MykCommonMacroViewController.m */; };
		E2A77C4B9611517658DD9AE9 /* Pods_RACDemo.framework in Frameworks */ = {isa = PBXBuildFile; fileRef = F9901DF0F35559D7D403CABF /* Pods_RACDemo.framework */; };
/* End PBXBuildFile section */

/* Begin PBXFileReference section */
		3ACB40D3C25588310057F2D2 /* Pods-RACDemo.debug.xcconfig */ = {isa = PBXFileReference; includeInIndex = 1; lastKnownFileType = text.xcconfig; name = "Pods-RACDemo.debug.xcconfig"; path = "Target Support Files/Pods-RACDemo/Pods-RACDemo.debug.xcconfig"; sourceTree = "<group>"; };
		487A76F0245EDADE00CB6F35 /* RACDemo.app */ = {isa = PBXFileReference; explicitFileType = wrapper.application; includeInIndex = 0; path = RACDemo.app; sourceTree = BUILT_PRODUCTS_DIR; };
		487A76F3245EDADE00CB6F35 /* AppDelegate.h */ = {isa = PBXFileReference; lastKnownFileType = sourcecode.c.h; path = AppDelegate.h; sourceTree = "<group>"; };
		487A76F4245EDADE00CB6F35 /* AppDelegate.m */ = {isa = PBXFileReference; lastKnownFileType = sourcecode.c.objc; path = AppDelegate.m; sourceTree = "<group>"; };
		487A76F9245EDADE00CB6F35 /* ViewController.h */ = {isa = PBXFileReference; lastKnownFileType = sourcecode.c.h; path = ViewController.h; sourceTree = "<group>"; };
		487A76FA245EDADE00CB6F35 /* ViewController.m */ = {isa = PBXFileReference; lastKnownFileType = sourcecode.c.objc; path = ViewController.m; sourceTree = "<group>"; };
		487A76FD245EDADE00CB6F35 /* Base */ = {isa = PBXFileReference; lastKnownFileType = file.storyboard; name = Base; path = Base.lproj/Main.storyboard; sourceTree = "<group>"; };
		487A76FF245EDAE300CB6F35 /* Assets.xcassets */ = {isa = PBXFileReference; lastKnownFileType = folder.assetcatalog; path = Assets.xcassets; sourceTree = "<group>"; };
		487A7702245EDAE300CB6F35 /* Base */ = {isa = PBXFileReference; lastKnownFileType = file.storyboard; name = Base; path = Base.lproj/LaunchScreen.storyboard; sourceTree = "<group>"; };
		487A7704245EDAE300CB6F35 /* Info.plist */ = {isa = PBXFileReference; lastKnownFileType = text.plist.xml; path = Info.plist; sourceTree = "<group>"; };
		487A7705245EDAE300CB6F35 /* main.m */ = {isa = PBXFileReference; lastKnownFileType = sourcecode.c.objc; path = main.m; sourceTree = "<group>"; };
		487A770D245EFE9100CB6F35 /* MykBaseViewController.h */ = {isa = PBXFileReference; lastKnownFileType = sourcecode.c.h; path = MykBaseViewController.h; sourceTree = "<group>"; };
		487A770E245EFE9100CB6F35 /* MykBaseViewController.m */ = {isa = PBXFileReference; lastKnownFileType = sourcecode.c.objc; path = MykBaseViewController.m; sourceTree = "<group>"; };
		487A7710245EFEC300CB6F35 /* MykCommonMacroViewController.h */ = {isa = PBXFileReference; lastKnownFileType = sourcecode.c.h; path = MykCommonMacroViewController.h; sourceTree = "<group>"; };
		487A7711245EFEC300CB6F35 /* MykCommonMacroViewController.m */ = {isa = PBXFileReference; lastKnownFileType = sourcecode.c.objc; path = MykCommonMacroViewController.m; sourceTree = "<group>"; };
		487A7713245F00AF00CB6F35 /* PrefixHeader.pch */ = {isa = PBXFileReference; lastKnownFileType = sourcecode.c.h; path = PrefixHeader.pch; sourceTree = "<group>"; };
		BAF00584F7A83E960FAC3B84 /* Pods-RACDemo.release.xcconfig */ = {isa = PBXFileReference; includeInIndex = 1; lastKnownFileType = text.xcconfig; name = "Pods-RACDemo.release.xcconfig"; path = "Target Support Files/Pods-RACDemo/Pods-RACDemo.release.xcconfig"; sourceTree = "<group>"; };
		F9901DF0F35559D7D403CABF /* Pods_RACDemo.framework */ = {isa = PBXFileReference; explicitFileType = wrapper.framework; includeInIndex = 0; path = Pods_RACDemo.framework; sourceTree = BUILT_PRODUCTS_DIR; };
/* End PBXFileReference section */

/* Begin PBXFrameworksBuildPhase section */
		487A76ED245EDADE00CB6F35 /* Frameworks */ = {
			isa = PBXFrameworksBuildPhase;
			buildActionMask = 2147483647;
			files = (
				E2A77C4B9611517658DD9AE9 /* Pods_RACDemo.framework in Frameworks */,
			);
			runOnlyForDeploymentPostprocessing = 0;
		};
/* End PBXFrameworksBuildPhase section */

/* Begin PBXGroup section */
		2FDD1AE21ADE805B353874CA /* Pods */ = {
			isa = PBXGroup;
			children = (
				3ACB40D3C25588310057F2D2 /* Pods-RACDemo.debug.xcconfig */,
				BAF00584F7A83E960FAC3B84 /* Pods-RACDemo.release.xcconfig */,
			);
			path = Pods;
			sourceTree = "<group>";
		};
		487A76E7245EDADE00CB6F35 = {
			isa = PBXGroup;
			children = (
				487A76F2245EDADE00CB6F35 /* RACDemo */,
				487A76F1245EDADE00CB6F35 /* Products */,
				2FDD1AE21ADE805B353874CA /* Pods */,
				78FD422383E5C55FE92CE585 /* Frameworks */,
			);
			sourceTree = "<group>";
		};
		487A76F1245EDADE00CB6F35 /* Products */ = {
			isa = PBXGroup;
			children = (
				487A76F0245EDADE00CB6F35 /* RACDemo.app */,
			);
			name = Products;
			sourceTree = "<group>";
		};
		487A76F2245EDADE00CB6F35 /* RACDemo */ = {
			isa = PBXGroup;
			children = (
				487A770C245EEDAE00CB6F35 /* ItemsVcs */,
				487A76F3245EDADE00CB6F35 /* AppDelegate.h */,
				487A76F4245EDADE00CB6F35 /* AppDelegate.m */,
				487A76F9245EDADE00CB6F35 /* ViewController.h */,
				487A76FA245EDADE00CB6F35 /* ViewController.m */,
				487A76FC245EDADE00CB6F35 /* Main.storyboard */,
				487A76FF245EDAE300CB6F35 /* Assets.xcassets */,
				487A7701245EDAE300CB6F35 /* LaunchScreen.storyboard */,
				487A7704245EDAE300CB6F35 /* Info.plist */,
				487A7705245EDAE300CB6F35 /* main.m */,
				487A7713245F00AF00CB6F35 /* PrefixHeader.pch */,
			);
			path = RACDemo;
			sourceTree = "<group>";
		};
		487A770C245EEDAE00CB6F35 /* ItemsVcs */ = {
			isa = PBXGroup;
			children = (
				487A770D245EFE9100CB6F35 /* MykBaseViewController.h */,
				487A770E245EFE9100CB6F35 /* MykBaseViewController.m */,
				487A7710245EFEC300CB6F35 /* MykCommonMacroViewController.h */,
				487A7711245EFEC300CB6F35 /* MykCommonMacroViewController.m */,
			);
			path = ItemsVcs;
			sourceTree = "<group>";
		};
		78FD422383E5C55FE92CE585 /* Frameworks */ = {
			isa = PBXGroup;
			children = (
				F9901DF0F35559D7D403CABF /* Pods_RACDemo.framework */,
			);
			name = Frameworks;
			sourceTree = "<group>";
		};
/* End PBXGroup section */

/* Begin PBXNativeTarget section */
		487A76EF245EDADE00CB6F35 /* RACDemo */ = {
			isa = PBXNativeTarget;
			buildConfigurationList = 487A7709245EDAE300CB6F35 /* Build configuration list for PBXNativeTarget "RACDemo" */;
			buildPhases = (
				E6441B3983ADBF128093AAFA /* [CP] Check Pods Manifest.lock */,
				487A76EC245EDADE00CB6F35 /* Sources */,
				487A76ED245EDADE00CB6F35 /* Frameworks */,
				487A76EE245EDADE00CB6F35 /* Resources */,
				9E61409C75233324D49EFA50 /* [CP] Embed Pods Frameworks */,
			);
			buildRules = (
			);
			dependencies = (
			);
			name = RACDemo;
			productName = RACDemo;
			productReference = 487A76F0245EDADE00CB6F35 /* RACDemo.app */;
			productType = "com.apple.product-type.application";
		};
/* End PBXNativeTarget section */

/* Begin PBXProject section */
		487A76E8245EDADE00CB6F35 /* Project object */ = {
			isa = PBXProject;
			attributes = {
				LastUpgradeCheck = 1140;
				ORGANIZATIONNAME = myk;
				TargetAttributes = {
					487A76EF245EDADE00CB6F35 = {
						CreatedOnToolsVersion = 11.4.1;
					};
				};
			};
			buildConfigurationList = 487A76EB245EDADE00CB6F35 /* Build configuration list for PBXProject "RACDemo" */;
			compatibilityVersion = "Xcode 9.3";
			developmentRegion = en;
			hasScannedForEncodings = 0;
			knownRegions = (
				en,
				Base,
			);
			mainGroup = 487A76E7245EDADE00CB6F35;
			productRefGroup = 487A76F1245EDADE00CB6F35 /* Products */;
			projectDirPath = "";
			projectRoot = "";
			targets = (
				487A76EF245EDADE00CB6F35 /* RACDemo */,
			);
		};
/* End PBXProject section */

/* Begin PBXResourcesBuildPhase section */
		487A76EE245EDADE00CB6F35 /* Resources */ = {
			isa = PBXResourcesBuildPhase;
			buildActionMask = 2147483647;
			files = (
				487A7703245EDAE300CB6F35 /* LaunchScreen.storyboard in Resources */,
				487A7700245EDAE300CB6F35 /* Assets.xcassets in Resources */,
				487A76FE245EDADE00CB6F35 /* Main.storyboard in Resources */,
			);
			runOnlyForDeploymentPostprocessing = 0;
		};
/* End PBXResourcesBuildPhase section */

/* Begin PBXShellScriptBuildPhase section */
		9E61409C75233324D49EFA50 /* [CP] Embed Pods Frameworks */ = {
			isa = PBXShellScriptBuildPhase;
			buildActionMask = 2147483647;
			files = (
			);
			inputFileListPaths = (
				"${PODS_ROOT}/Target Support Files/Pods-RACDemo/Pods-RACDemo-frameworks-${CONFIGURATION}-input-files.xcfilelist",
			);
			name = "[CP] Embed Pods Frameworks";
			outputFileListPaths = (
				"${PODS_ROOT}/Target Support Files/Pods-RACDemo/Pods-RACDemo-frameworks-${CONFIGURATION}-output-files.xcfilelist",
			);
			runOnlyForDeploymentPostprocessing = 0;
			shellPath = /bin/sh;
			shellScript = "\"${PODS_ROOT}/Target Support Files/Pods-RACDemo/Pods-RACDemo-frameworks.sh\"\n";
			showEnvVarsInLog = 0;
		};
		E6441B3983ADBF128093AAFA /* [CP] Check Pods Manifest.lock */ = {
			isa = PBXShellScriptBuildPhase;
			buildActionMask = 2147483647;
			files = (
			);
			inputFileListPaths = (
			);
			inputPaths = (
				"${PODS_PODFILE_DIR_PATH}/Podfile.lock",
				"${PODS_ROOT}/Manifest.lock",
			);
			name = "[CP] Check Pods Manifest.lock";
			outputFileListPaths = (
			);
			outputPaths = (
				"$(DERIVED_FILE_DIR)/Pods-RACDemo-checkManifestLockResult.txt",
			);
			runOnlyForDeploymentPostprocessing = 0;
			shellPath = /bin/sh;
			shellScript = "diff \"${PODS_PODFILE_DIR_PATH}/Podfile.lock\" \"${PODS_ROOT}/Manifest.lock\" > /dev/null\nif [ $? != 0 ] ; then\n    # print error to STDERR\n    echo \"error: The sandbox is not in sync with the Podfile.lock. Run 'pod install' or update your CocoaPods installation.\" >&2\n    exit 1\nfi\n# This output is used by Xcode 'outputs' to avoid re-running this script phase.\necho \"SUCCESS\" > \"${SCRIPT_OUTPUT_FILE_0}\"\n";
			showEnvVarsInLog = 0;
		};
/* End PBXShellScriptBuildPhase section */

/* Begin PBXSourcesBuildPhase section */
		487A76EC245EDADE00CB6F35 /* Sources */ = {
			isa = PBXSourcesBuildPhase;
			buildActionMask = 2147483647;
			files = (
				487A7712245EFEC300CB6F35 /* MykCommonMacroViewController.m in Sources */,
				487A76FB245EDADE00CB6F35 /* ViewController.m in Sources */,
				487A770F245EFE9100CB6F35 /* MykBaseViewController.m in Sources */,
				487A76F5245EDADE00CB6F35 /* AppDelegate.m in Sources */,
				487A7706245EDAE300CB6F35 /* main.m in Sources */,
			);
			runOnlyForDeploymentPostprocessing = 0;
		};
/* End PBXSourcesBuildPhase section */

/* Begin PBXVariantGroup section */
		487A76FC245EDADE00CB6F35 /* Main.storyboard */ = {
			isa = PBXVariantGroup;
			children = (
				487A76FD245EDADE00CB6F35 /* Base */,
			);
			name = Main.storyboard;
			sourceTree = "<group>";
		};
		487A7701245EDAE300CB6F35 /* LaunchScreen.storyboard */ = {
			isa = PBXVariantGroup;
			children = (
				487A7702245EDAE300CB6F35 /* Base */,
			);
			name = LaunchScreen.storyboard;
			sourceTree = "<group>";
		};
/* End PBXVariantGroup section */

/* Begin XCBuildConfiguration section */
		487A7707245EDAE300CB6F35 /* Debug */ = {
			isa = XCBuildConfiguration;
			buildSettings = {
				ALWAYS_SEARCH_USER_PATHS = NO;
				CLANG_ANALYZER_NONNULL = YES;
				CLANG_ANALYZER_NUMBER_OBJECT_CONVERSION = YES_AGGRESSIVE;
				CLANG_CXX_LANGUAGE_STANDARD = "gnu++14";
				CLANG_CXX_LIBRARY = "libc++";
				CLANG_ENABLE_MODULES = YES;
				CLANG_ENABLE_OBJC_ARC = YES;
				CLANG_ENABLE_OBJC_WEAK = YES;
				CLANG_WARN_BLOCK_CAPTURE_AUTORELEASING = YES;
				CLANG_WARN_BOOL_CONVERSION = YES;
				CLANG_WARN_COMMA = YES;
				CLANG_WARN_CONSTANT_CONVERSION = YES;
				CLANG_WARN_DEPRECATED_OBJC_IMPLEMENTATIONS = YES;
				CLANG_WARN_DIRECT_OBJC_ISA_USAGE = YES_ERROR;
				CLANG_WARN_DOCUMENTATION_COMMENTS = YES;
				CLANG_WARN_EMPTY_BODY = YES;
				CLANG_WARN_ENUM_CONVERSION = YES;
				CLANG_WARN_INFINITE_RECURSION = YES;
				CLANG_WARN_INT_CONVERSION = YES;
				CLANG_WARN_NON_LITERAL_NULL_CONVERSION = YES;
				CLANG_WARN_OBJC_IMPLICIT_RETAIN_SELF = YES;
				CLANG_WARN_OBJC_LITERAL_CONVERSION = YES;
				CLANG_WARN_OBJC_ROOT_CLASS = YES_ERROR;
				CLANG_WARN_RANGE_LOOP_ANALYSIS = YES;
				CLANG_WARN_STRICT_PROTOTYPES = YES;
				CLANG_WARN_SUSPICIOUS_MOVE = YES;
				CLANG_WARN_UNGUARDED_AVAILABILITY = YES_AGGRESSIVE;
				CLANG_WARN_UNREACHABLE_CODE = YES;
				CLANG_WARN__DUPLICATE_METHOD_MATCH = YES;
				COPY_PHASE_STRIP = NO;
				DEBUG_INFORMATION_FORMAT = dwarf;
				ENABLE_STRICT_OBJC_MSGSEND = YES;
				ENABLE_TESTABILITY = YES;
				GCC_C_LANGUAGE_STANDARD = gnu11;
				GCC_DYNAMIC_NO_PIC = NO;
				GCC_NO_COMMON_BLOCKS = YES;
				GCC_OPTIMIZATION_LEVEL = 0;
				GCC_PREPROCESSOR_DEFINITIONS = (
					"DEBUG=1",
					"$(inherited)",
				);
				GCC_WARN_64_TO_32_BIT_CONVERSION = YES;
				GCC_WARN_ABOUT_RETURN_TYPE = YES_ERROR;
				GCC_WARN_UNDECLARED_SELECTOR = YES;
				GCC_WARN_UNINITIALIZED_AUTOS = YES_AGGRESSIVE;
				GCC_WARN_UNUSED_FUNCTION = YES;
				GCC_WARN_UNUSED_VARIABLE = YES;
				IPHONEOS_DEPLOYMENT_TARGET = 13.4;
				MTL_ENABLE_DEBUG_INFO = INCLUDE_SOURCE;
				MTL_FAST_MATH = YES;
				ONLY_ACTIVE_ARCH = YES;
				SDKROOT = iphoneos;
			};
			name = Debug;
		};
		487A7708245EDAE300CB6F35 /* Release */ = {
			isa = XCBuildConfiguration;
			buildSettings = {
				ALWAYS_SEARCH_USER_PATHS = NO;
				CLANG_ANALYZER_NONNULL = YES;
				CLANG_ANALYZER_NUMBER_OBJECT_CONVERSION = YES_AGGRESSIVE;
				CLANG_CXX_LANGUAGE_STANDARD = "gnu++14";
				CLANG_CXX_LIBRARY = "libc++";
				CLANG_ENABLE_MODULES = YES;
				CLANG_ENABLE_OBJC_ARC = YES;
				CLANG_ENABLE_OBJC_WEAK = YES;
				CLANG_WARN_BLOCK_CAPTURE_AUTORELEASING = YES;
				CLANG_WARN_BOOL_CONVERSION = YES;
				CLANG_WARN_COMMA = YES;
				CLANG_WARN_CONSTANT_CONVERSION = YES;
				CLANG_WARN_DEPRECATED_OBJC_IMPLEMENTATIONS = YES;
				CLANG_WARN_DIRECT_OBJC_ISA_USAGE = YES_ERROR;
				CLANG_WARN_DOCUMENTATION_COMMENTS = YES;
				CLANG_WARN_EMPTY_BODY = YES;
				CLANG_WARN_ENUM_CONVERSION = YES;
				CLANG_WARN_INFINITE_RECURSION = YES;
				CLANG_WARN_INT_CONVERSION = YES;
				CLANG_WARN_NON_LITERAL_NULL_CONVERSION = YES;
				CLANG_WARN_OBJC_IMPLICIT_RETAIN_SELF = YES;
				CLANG_WARN_OBJC_LITERAL_CONVERSION = YES;
				CLANG_WARN_OBJC_ROOT_CLASS = YES_ERROR;
				CLANG_WARN_RANGE_LOOP_ANALYSIS = YES;
				CLANG_WARN_STRICT_PROTOTYPES = YES;
				CLANG_WARN_SUSPICIOUS_MOVE = YES;
				CLANG_WARN_UNGUARDED_AVAILABILITY = YES_AGGRESSIVE;
				CLANG_WARN_UNREACHABLE_CODE = YES;
				CLANG_WARN__DUPLICATE_METHOD_MATCH = YES;
				COPY_PHASE_STRIP = NO;
				DEBUG_INFORMATION_FORMAT = "dwarf-with-dsym";
				ENABLE_NS_ASSERTIONS = NO;
				ENABLE_STRICT_OBJC_MSGSEND = YES;
				GCC_C_LANGUAGE_STANDARD = gnu11;
				GCC_NO_COMMON_BLOCKS = YES;
				GCC_WARN_64_TO_32_BIT_CONVERSION = YES;
				GCC_WARN_ABOUT_RETURN_TYPE = YES_ERROR;
				GCC_WARN_UNDECLARED_SELECTOR = YES;
				GCC_WARN_UNINITIALIZED_AUTOS = YES_AGGRESSIVE;
				GCC_WARN_UNUSED_FUNCTION = YES;
				GCC_WARN_UNUSED_VARIABLE = YES;
				IPHONEOS_DEPLOYMENT_TARGET = 13.4;
				MTL_ENABLE_DEBUG_INFO = NO;
				MTL_FAST_MATH = YES;
				SDKROOT = iphoneos;
				VALIDATE_PRODUCT = YES;
			};
			name = Release;
		};
		487A770A245EDAE300CB6F35 /* Debug */ = {
			isa = XCBuildConfiguration;
			baseConfigurationReference = 3ACB40D3C25588310057F2D2 /* Pods-RACDemo.debug.xcconfig */;
			buildSettings = {
				ASSETCATALOG_COMPILER_APPICON_NAME = AppIcon;
				CODE_SIGN_STYLE = Automatic;
				DEVELOPMENT_TEAM = 285RL6RTLB;
				INFOPLIST_FILE = RACDemo/Info.plist;
				LD_RUNPATH_SEARCH_PATHS = (
					"$(inherited)",
					"@executable_path/Frameworks",
				);
				PRODUCT_BUNDLE_IDENTIFIER = "com.myk-name.RACDemo";
				PRODUCT_NAME = "$(TARGET_NAME)";
				TARGETED_DEVICE_FAMILY = "1,2";
			};
			name = Debug;
		};
		487A770B245EDAE300CB6F35 /* Release */ = {
			isa = XCBuildConfiguration;
			baseConfigurationReference = BAF00584F7A83E960FAC3B84 /* Pods-RACDemo.release.xcconfig */;
			buildSettings = {
				ASSETCATALOG_COMPILER_APPICON_NAME = AppIcon;
				CODE_SIGN_STYLE = Automatic;
				DEVELOPMENT_TEAM = 285RL6RTLB;
				INFOPLIST_FILE = RACDemo/Info.plist;
				LD_RUNPATH_SEARCH_PATHS = (
					"$(inherited)",
					"@executable_path/Frameworks",
				);
				PRODUCT_BUNDLE_IDENTIFIER = "com.myk-name.RACDemo";
				PRODUCT_NAME = "$(TARGET_NAME)";
				TARGETED_DEVICE_FAMILY = "1,2";
			};
			name = Release;
		};
/* End XCBuildConfiguration section */

/* Begin XCConfigurationList section */
		487A76EB245EDADE00CB6F35 /* Build configuration list for PBXProject "RACDemo" */ = {
			isa = XCConfigurationList;
			buildConfigurations = (
				487A7707245EDAE300CB6F35 /* Debug */,
				487A7708245EDAE300CB6F35 /* Release */,
			);
			defaultConfigurationIsVisible = 0;
			defaultConfigurationName = Release;
		};
		487A7709245EDAE300CB6F35 /* Build configuration list for PBXNativeTarget "RACDemo" */ = {
			isa = XCConfigurationList;
			buildConfigurations = (
				487A770A245EDAE300CB6F35 /* Debug */,
				487A770B245EDAE300CB6F35 /* Release */,
			);
			defaultConfigurationIsVisible = 0;
			defaultConfigurationName = Release;
		};
/* End XCConfigurationList section */
	};
	rootObject = 487A76E8245EDADE00CB6F35 /* Project object */;
}
